// !$*UTF8*$!
{
	archiveVersion = 1;
	classes = {
	};
	objectVersion = 46;
	objects = {

/* Begin PBXBuildFile section */
		2736B60A18BBE2B9005541AF /* Foundation.framework in Frameworks */ = {isa = PBXBuildFile; fileRef = 2736B60918BBE2B9005541AF /* Foundation.framework */; };
		2736B60C18BBE2B9005541AF /* CoreGraphics.framework in Frameworks */ = {isa = PBXBuildFile; fileRef = 2736B60B18BBE2B9005541AF /* CoreGraphics.framework */; };
		2736B60E18BBE2B9005541AF /* UIKit.framework in Frameworks */ = {isa = PBXBuildFile; fileRef = 2736B60D18BBE2B9005541AF /* UIKit.framework */; };
		2736B61418BBE2B9005541AF /* InfoPlist.strings in Resources */ = {isa = PBXBuildFile; fileRef = 2736B61218BBE2B9005541AF /* InfoPlist.strings */; };
		2736B61618BBE2B9005541AF /* main.m in Sources */ = {isa = PBXBuildFile; fileRef = 2736B61518BBE2B9005541AF /* main.m */; };
		2736B61A18BBE2B9005541AF /* DRYAppDelegate.m in Sources */ = {isa = PBXBuildFile; fileRef = 2736B61918BBE2B9005541AF /* DRYAppDelegate.m */; };
		2736B61C18BBE2B9005541AF /* Images.xcassets in Resources */ = {isa = PBXBuildFile; fileRef = 2736B61B18BBE2B9005541AF /* Images.xcassets */; };
		2736B62318BBE2B9005541AF /* XCTest.framework in Frameworks */ = {isa = PBXBuildFile; fileRef = 2736B62218BBE2B9005541AF /* XCTest.framework */; };
		2736B62418BBE2B9005541AF /* Foundation.framework in Frameworks */ = {isa = PBXBuildFile; fileRef = 2736B60918BBE2B9005541AF /* Foundation.framework */; };
		2736B62518BBE2B9005541AF /* UIKit.framework in Frameworks */ = {isa = PBXBuildFile; fileRef = 2736B60D18BBE2B9005541AF /* UIKit.framework */; };
		2736B62D18BBE2B9005541AF /* InfoPlist.strings in Resources */ = {isa = PBXBuildFile; fileRef = 2736B62B18BBE2B9005541AF /* InfoPlist.strings */; };
		2736B62F18BBE2B9005541AF /* ConfigAppTests.m in Sources */ = {isa = PBXBuildFile; fileRef = 2736B62E18BBE2B9005541AF /* ConfigAppTests.m */; };
		2736B64A18BBE81E005541AF /* DRYShowConfigurationViewController.m in Sources */ = {isa = PBXBuildFile; fileRef = 2736B64918BBE81E005541AF /* DRYShowConfigurationViewController.m */; };
/* End PBXBuildFile section */

/* Begin PBXContainerItemProxy section */
		2736B62618BBE2B9005541AF /* PBXContainerItemProxy */ = {
			isa = PBXContainerItemProxy;
			containerPortal = 2736B5FE18BBE2B9005541AF /* Project object */;
			proxyType = 1;
			remoteGlobalIDString = 2736B60518BBE2B9005541AF;
			remoteInfo = ConfigApp;
		};
/* End PBXContainerItemProxy section */

/* Begin PBXFileReference section */
		2736B60618BBE2B9005541AF /* ConfigApp.app */ = {isa = PBXFileReference; explicitFileType = wrapper.application; includeInIndex = 0; path = ConfigApp.app; sourceTree = BUILT_PRODUCTS_DIR; };
		2736B60918BBE2B9005541AF /* Foundation.framework */ = {isa = PBXFileReference; lastKnownFileType = wrapper.framework; name = Foundation.framework; path = System/Library/Frameworks/Foundation.framework; sourceTree = SDKROOT; };
		2736B60B18BBE2B9005541AF /* CoreGraphics.framework */ = {isa = PBXFileReference; lastKnownFileType = wrapper.framework; name = CoreGraphics.framework; path = System/Library/Frameworks/CoreGraphics.framework; sourceTree = SDKROOT; };
		2736B60D18BBE2B9005541AF /* UIKit.framework */ = {isa = PBXFileReference; lastKnownFileType = wrapper.framework; name = UIKit.framework; path = System/Library/Frameworks/UIKit.framework; sourceTree = SDKROOT; };
		2736B61118BBE2B9005541AF /* ConfigApp-Info.plist */ = {isa = PBXFileReference; lastKnownFileType = text.plist.xml; path = "ConfigApp-Info.plist"; sourceTree = "<group>"; };
		2736B61318BBE2B9005541AF /* en */ = {isa = PBXFileReference; lastKnownFileType = text.plist.strings; name = en; path = en.lproj/InfoPlist.strings; sourceTree = "<group>"; };
		2736B61518BBE2B9005541AF /* main.m */ = {isa = PBXFileReference; lastKnownFileType = sourcecode.c.objc; path = main.m; sourceTree = "<group>"; };
		2736B61718BBE2B9005541AF /* ConfigApp-Prefix.pch */ = {isa = PBXFileReference; lastKnownFileType = sourcecode.c.h; path = "ConfigApp-Prefix.pch"; sourceTree = "<group>"; };
		2736B61818BBE2B9005541AF /* DRYAppDelegate.h */ = {isa = PBXFileReference; lastKnownFileType = sourcecode.c.h; path = DRYAppDelegate.h; sourceTree = "<group>"; };
		2736B61918BBE2B9005541AF /* DRYAppDelegate.m */ = {isa = PBXFileReference; lastKnownFileType = sourcecode.c.objc; path = DRYAppDelegate.m; sourceTree = "<group>"; };
		2736B61B18BBE2B9005541AF /* Images.xcassets */ = {isa = PBXFileReference; lastKnownFileType = folder.assetcatalog; path = Images.xcassets; sourceTree = "<group>"; };
		2736B62118BBE2B9005541AF /* ConfigAppTests.xctest */ = {isa = PBXFileReference; explicitFileType = wrapper.cfbundle; includeInIndex = 0; path = ConfigAppTests.xctest; sourceTree = BUILT_PRODUCTS_DIR; };
		2736B62218BBE2B9005541AF /* XCTest.framework */ = {isa = PBXFileReference; lastKnownFileType = wrapper.framework; name = XCTest.framework; path = Library/Frameworks/XCTest.framework; sourceTree = DEVELOPER_DIR; };
		2736B62A18BBE2B9005541AF /* ConfigAppTests-Info.plist */ = {isa = PBXFileReference; lastKnownFileType = text.plist.xml; path = "ConfigAppTests-Info.plist"; sourceTree = "<group>"; };
		2736B62C18BBE2B9005541AF /* en */ = {isa = PBXFileReference; lastKnownFileType = text.plist.strings; name = en; path = en.lproj/InfoPlist.strings; sourceTree = "<group>"; };
		2736B62E18BBE2B9005541AF /* ConfigAppTests.m */ = {isa = PBXFileReference; lastKnownFileType = sourcecode.c.objc; path = ConfigAppTests.m; sourceTree = "<group>"; };
		2736B63D18BBE572005541AF /* Configuration.plist */ = {isa = PBXFileReference; fileEncoding = 4; lastKnownFileType = text.plist.xml; path = Configuration.plist; sourceTree = "<group>"; };
		2736B63F18BBE572005541AF /* Configuration.plist */ = {isa = PBXFileReference; fileEncoding = 4; lastKnownFileType = text.plist.xml; path = Configuration.plist; sourceTree = "<group>"; };
		2736B64118BBE572005541AF /* Configuration.plist */ = {isa = PBXFileReference; fileEncoding = 4; lastKnownFileType = text.plist.xml; path = Configuration.plist; sourceTree = "<group>"; };
		2736B64818BBE81E005541AF /* DRYShowConfigurationViewController.h */ = {isa = PBXFileReference; fileEncoding = 4; lastKnownFileType = sourcecode.c.h; name = DRYShowConfigurationViewController.h; path = Controllers/DRYShowConfigurationViewController.h; sourceTree = "<group>"; };
		2736B64918BBE81E005541AF /* DRYShowConfigurationViewController.m */ = {isa = PBXFileReference; fileEncoding = 4; lastKnownFileType = sourcecode.c.objc; name = DRYShowConfigurationViewController.m; path = Controllers/DRYShowConfigurationViewController.m; sourceTree = "<group>"; };
/* End PBXFileReference section */

/* Begin PBXFrameworksBuildPhase section */
		2736B60318BBE2B9005541AF /* Frameworks */ = {
			isa = PBXFrameworksBuildPhase;
			buildActionMask = 2147483647;
			files = (
				2736B60C18BBE2B9005541AF /* CoreGraphics.framework in Frameworks */,
				2736B60E18BBE2B9005541AF /* UIKit.framework in Frameworks */,
				2736B60A18BBE2B9005541AF /* Foundation.framework in Frameworks */,
			);
			runOnlyForDeploymentPostprocessing = 0;
		};
		2736B61E18BBE2B9005541AF /* Frameworks */ = {
			isa = PBXFrameworksBuildPhase;
			buildActionMask = 2147483647;
			files = (
				2736B62318BBE2B9005541AF /* XCTest.framework in Frameworks */,
				2736B62518BBE2B9005541AF /* UIKit.framework in Frameworks */,
				2736B62418BBE2B9005541AF /* Foundation.framework in Frameworks */,
			);
			runOnlyForDeploymentPostprocessing = 0;
		};
/* End PBXFrameworksBuildPhase section */

/* Begin PBXGroup section */
		2736B5FD18BBE2B9005541AF = {
			isa = PBXGroup;
			children = (
				2736B60F18BBE2B9005541AF /* ConfigApp */,
				2736B62818BBE2B9005541AF /* ConfigAppTests */,
				2736B60818BBE2B9005541AF /* Frameworks */,
				2736B60718BBE2B9005541AF /* Products */,
			);
			sourceTree = "<group>";
		};
		2736B60718BBE2B9005541AF /* Products */ = {
			isa = PBXGroup;
			children = (
				2736B60618BBE2B9005541AF /* ConfigApp.app */,
				2736B62118BBE2B9005541AF /* ConfigAppTests.xctest */,
			);
			name = Products;
			sourceTree = "<group>";
		};
		2736B60818BBE2B9005541AF /* Frameworks */ = {
			isa = PBXGroup;
			children = (
				2736B60918BBE2B9005541AF /* Foundation.framework */,
				2736B60B18BBE2B9005541AF /* CoreGraphics.framework */,
				2736B60D18BBE2B9005541AF /* UIKit.framework */,
				2736B62218BBE2B9005541AF /* XCTest.framework */,
			);
			name = Frameworks;
			sourceTree = "<group>";
		};
		2736B60F18BBE2B9005541AF /* ConfigApp */ = {
			isa = PBXGroup;
			children = (
				2736B64718BBE7D6005541AF /* Controllers */,
				2736B61818BBE2B9005541AF /* DRYAppDelegate.h */,
				2736B61918BBE2B9005541AF /* DRYAppDelegate.m */,
				2736B61B18BBE2B9005541AF /* Images.xcassets */,
				2736B61018BBE2B9005541AF /* Supporting Files */,
			);
			path = ConfigApp;
			sourceTree = "<group>";
		};
		2736B61018BBE2B9005541AF /* Supporting Files */ = {
			isa = PBXGroup;
			children = (
				2736B63B18BBE572005541AF /* config */,
				2736B61118BBE2B9005541AF /* ConfigApp-Info.plist */,
				2736B61218BBE2B9005541AF /* InfoPlist.strings */,
				2736B61518BBE2B9005541AF /* main.m */,
				2736B61718BBE2B9005541AF /* ConfigApp-Prefix.pch */,
			);
			name = "Supporting Files";
			sourceTree = "<group>";
		};
		2736B62818BBE2B9005541AF /* ConfigAppTests */ = {
			isa = PBXGroup;
			children = (
				2736B62E18BBE2B9005541AF /* ConfigAppTests.m */,
				2736B62918BBE2B9005541AF /* Supporting Files */,
			);
			path = ConfigAppTests;
			sourceTree = "<group>";
		};
		2736B62918BBE2B9005541AF /* Supporting Files */ = {
			isa = PBXGroup;
			children = (
				2736B62A18BBE2B9005541AF /* ConfigAppTests-Info.plist */,
				2736B62B18BBE2B9005541AF /* InfoPlist.strings */,
			);
			name = "Supporting Files";
			sourceTree = "<group>";
		};
		2736B63B18BBE572005541AF /* config */ = {
			isa = PBXGroup;
			children = (
				2736B63C18BBE572005541AF /* AdHoc */,
				2736B63E18BBE572005541AF /* Debug */,
				2736B64018BBE572005541AF /* Release */,
			);
			path = config;
			sourceTree = "<group>";
		};
		2736B63C18BBE572005541AF /* AdHoc */ = {
			isa = PBXGroup;
			children = (
				2736B63D18BBE572005541AF /* Configuration.plist */,
			);
			path = AdHoc;
			sourceTree = "<group>";
		};
		2736B63E18BBE572005541AF /* Debug */ = {
			isa = PBXGroup;
			children = (
				2736B63F18BBE572005541AF /* Configuration.plist */,
			);
			path = Debug;
			sourceTree = "<group>";
		};
		2736B64018BBE572005541AF /* Release */ = {
			isa = PBXGroup;
			children = (
				2736B64118BBE572005541AF /* Configuration.plist */,
			);
			path = Release;
			sourceTree = "<group>";
		};
		2736B64718BBE7D6005541AF /* Controllers */ = {
			isa = PBXGroup;
			children = (
				2736B64818BBE81E005541AF /* DRYShowConfigurationViewController.h */,
				2736B64918BBE81E005541AF /* DRYShowConfigurationViewController.m */,
			);
			name = Controllers;
			sourceTree = "<group>";
		};
/* End PBXGroup section */

/* Begin PBXNativeTarget section */
		2736B60518BBE2B9005541AF /* ConfigApp */ = {
			isa = PBXNativeTarget;
			buildConfigurationList = 2736B63218BBE2B9005541AF /* Build configuration list for PBXNativeTarget "ConfigApp" */;
			buildPhases = (
				2736B60218BBE2B9005541AF /* Sources */,
				2736B60318BBE2B9005541AF /* Frameworks */,
				2736B60418BBE2B9005541AF /* Resources */,
				2736B64618BBE654005541AF /* Copy Configuration File(s) */,
			);
			buildRules = (
			);
			dependencies = (
			);
			name = ConfigApp;
			productName = ConfigApp;
			productReference = 2736B60618BBE2B9005541AF /* ConfigApp.app */;
			productType = "com.apple.product-type.application";
		};
		2736B62018BBE2B9005541AF /* ConfigAppTests */ = {
			isa = PBXNativeTarget;
			buildConfigurationList = 2736B63518BBE2B9005541AF /* Build configuration list for PBXNativeTarget "ConfigAppTests" */;
			buildPhases = (
				2736B61D18BBE2B9005541AF /* Sources */,
				2736B61E18BBE2B9005541AF /* Frameworks */,
				2736B61F18BBE2B9005541AF /* Resources */,
			);
			buildRules = (
			);
			dependencies = (
				2736B62718BBE2B9005541AF /* PBXTargetDependency */,
			);
			name = ConfigAppTests;
			productName = ConfigAppTests;
			productReference = 2736B62118BBE2B9005541AF /* ConfigAppTests.xctest */;
			productType = "com.apple.product-type.bundle.unit-test";
		};
/* End PBXNativeTarget section */

/* Begin PBXProject section */
		2736B5FE18BBE2B9005541AF /* Project object */ = {
			isa = PBXProject;
			attributes = {
				CLASSPREFIX = DRY;
				LastUpgradeCheck = 0500;
				ORGANIZATIONNAME = "Michael Seghers";
				TargetAttributes = {
					2736B62018BBE2B9005541AF = {
						TestTargetID = 2736B60518BBE2B9005541AF;
					};
				};
			};
			buildConfigurationList = 2736B60118BBE2B9005541AF /* Build configuration list for PBXProject "ConfigApp" */;
			compatibilityVersion = "Xcode 3.2";
			developmentRegion = English;
			hasScannedForEncodings = 0;
			knownRegions = (
				en,
			);
			mainGroup = 2736B5FD18BBE2B9005541AF;
			productRefGroup = 2736B60718BBE2B9005541AF /* Products */;
			projectDirPath = "";
			projectRoot = "";
			targets = (
				2736B60518BBE2B9005541AF /* ConfigApp */,
				2736B62018BBE2B9005541AF /* ConfigAppTests */,
			);
		};
/* End PBXProject section */

/* Begin PBXResourcesBuildPhase section */
		2736B60418BBE2B9005541AF /* Resources */ = {
			isa = PBXResourcesBuildPhase;
			buildActionMask = 2147483647;
			files = (
				2736B61418BBE2B9005541AF /* InfoPlist.strings in Resources */,
				2736B61C18BBE2B9005541AF /* Images.xcassets in Resources */,
			);
			runOnlyForDeploymentPostprocessing = 0;
		};
		2736B61F18BBE2B9005541AF /* Resources */ = {
			isa = PBXResourcesBuildPhase;
			buildActionMask = 2147483647;
			files = (
				2736B62D18BBE2B9005541AF /* InfoPlist.strings in Resources */,
			);
			runOnlyForDeploymentPostprocessing = 0;
		};
/* End PBXResourcesBuildPhase section */

/* Begin PBXShellScriptBuildPhase section */
		2736B64618BBE654005541AF /* Copy Configuration File(s) */ = {
			isa = PBXShellScriptBuildPhase;
			buildActionMask = 2147483647;
			files = (
			);
			inputPaths = (
			);
			name = "Copy Configuration File(s)";
			outputPaths = (
			);
			runOnlyForDeploymentPostprocessing = 0;
			shellPath = /bin/sh;
			shellScript = "RESOURCE_PATH=$SRCROOT/ConfigApp/config/$CONFIGURATION\n\nBUILD_APP_DIR=${BUILT_PRODUCTS_DIR}/${PRODUCT_NAME}.app\n\necho \"Copying all files under $RESOURCE_PATH to $BUILD_APP_DIR\"\ncp -v $RESOURCE_PATH/* \"$BUILD_APP_DIR/\"\n                     \n";
			showEnvVarsInLog = 0;
		};
/* End PBXShellScriptBuildPhase section */

/* Begin PBXSourcesBuildPhase section */
		2736B60218BBE2B9005541AF /* Sources */ = {
			isa = PBXSourcesBuildPhase;
			buildActionMask = 2147483647;
			files = (
				2736B64A18BBE81E005541AF /* DRYShowConfigurationViewController.m in Sources */,
				2736B61A18BBE2B9005541AF /* DRYAppDelegate.m in Sources */,
				2736B61618BBE2B9005541AF /* main.m in Sources */,
			);
			runOnlyForDeploymentPostprocessing = 0;
		};
		2736B61D18BBE2B9005541AF /* Sources */ = {
			isa = PBXSourcesBuildPhase;
			buildActionMask = 2147483647;
			files = (
				2736B62F18BBE2B9005541AF /* ConfigAppTests.m in Sources */,
			);
			runOnlyForDeploymentPostprocessing = 0;
		};
/* End PBXSourcesBuildPhase section */

/* Begin PBXTargetDependency section */
		2736B62718BBE2B9005541AF /* PBXTargetDependency */ = {
			isa = PBXTargetDependency;
			target = 2736B60518BBE2B9005541AF /* ConfigApp */;
			targetProxy = 2736B62618BBE2B9005541AF /* PBXContainerItemProxy */;
		};
/* End PBXTargetDependency section */

/* Begin PBXVariantGroup section */
		2736B61218BBE2B9005541AF /* InfoPlist.strings */ = {
			isa = PBXVariantGroup;
			children = (
				2736B61318BBE2B9005541AF /* en */,
			);
			name = InfoPlist.strings;
			sourceTree = "<group>";
		};
		2736B62B18BBE2B9005541AF /* InfoPlist.strings */ = {
			isa = PBXVariantGroup;
			children = (
				2736B62C18BBE2B9005541AF /* en */,
			);
			name = InfoPlist.strings;
			sourceTree = "<group>";
		};
/* End PBXVariantGroup section */

/* Begin XCBuildConfiguration section */
		2736B63018BBE2B9005541AF /* Debug */ = {
			isa = XCBuildConfiguration;
			buildSettings = {
				ALWAYS_SEARCH_USER_PATHS = NO;
				ARCHS = "$(ARCHS_STANDARD_INCLUDING_64_BIT)";
				CLANG_CXX_LANGUAGE_STANDARD = "gnu++0x";
				CLANG_CXX_LIBRARY = "libc++";
				CLANG_ENABLE_MODULES = YES;
				CLANG_ENABLE_OBJC_ARC = YES;
				CLANG_WARN_BOOL_CONVERSION = YES;
				CLANG_WARN_CONSTANT_CONVERSION = YES;
				CLANG_WARN_DIRECT_OBJC_ISA_USAGE = YES_ERROR;
				CLANG_WARN_EMPTY_BODY = YES;
				CLANG_WARN_ENUM_CONVERSION = YES;
				CLANG_WARN_INT_CONVERSION = YES;
				CLANG_WARN_OBJC_ROOT_CLASS = YES_ERROR;
				CLANG_WARN__DUPLICATE_METHOD_MATCH = YES;
				"CODE_SIGN_IDENTITY[sdk=iphoneos*]" = "iPhone Developer";
				COPY_PHASE_STRIP = NO;
				GCC_C_LANGUAGE_STANDARD = gnu99;
				GCC_DYNAMIC_NO_PIC = NO;
				GCC_OPTIMIZATION_LEVEL = 0;
				GCC_PREPROCESSOR_DEFINITIONS = (
					"DEBUG=1",
					"$(inherited)",
				);
				GCC_SYMBOLS_PRIVATE_EXTERN = NO;
				GCC_WARN_64_TO_32_BIT_CONVERSION = YES;
				GCC_WARN_ABOUT_RETURN_TYPE = YES_ERROR;
				GCC_WARN_UNDECLARED_SELECTOR = YES;
				GCC_WARN_UNINITIALIZED_AUTOS = YES;
				GCC_WARN_UNUSED_FUNCTION = YES;
				GCC_WARN_UNUSED_VARIABLE = YES;
				IPHONEOS_DEPLOYMENT_TARGET = 7.0;
				ONLY_ACTIVE_ARCH = YES;
				SDKROOT = iphoneos;
			};
			name = Debug;
		};
		2736B63118BBE2B9005541AF /* Release */ = {
			isa = XCBuildConfiguration;
			buildSettings = {
				ALWAYS_SEARCH_USER_PATHS = NO;
				ARCHS = "$(ARCHS_STANDARD_INCLUDING_64_BIT)";
				CLANG_CXX_LANGUAGE_STANDARD = "gnu++0x";
				CLANG_CXX_LIBRARY = "libc++";
				CLANG_ENABLE_MODULES = YES;
				CLANG_ENABLE_OBJC_ARC = YES;
				CLANG_WARN_BOOL_CONVERSION = YES;
				CLANG_WARN_CONSTANT_CONVERSION = YES;
				CLANG_WARN_DIRECT_OBJC_ISA_USAGE = YES_ERROR;
				CLANG_WARN_EMPTY_BODY = YES;
				CLANG_WARN_ENUM_CONVERSION = YES;
				CLANG_WARN_INT_CONVERSION = YES;
				CLANG_WARN_OBJC_ROOT_CLASS = YES_ERROR;
				CLANG_WARN__DUPLICATE_METHOD_MATCH = YES;
				"CODE_SIGN_IDENTITY[sdk=iphoneos*]" = "iPhone Developer";
				COPY_PHASE_STRIP = YES;
				ENABLE_NS_ASSERTIONS = NO;
				GCC_C_LANGUAGE_STANDARD = gnu99;
				GCC_WARN_64_TO_32_BIT_CONVERSION = YES;
				GCC_WARN_ABOUT_RETURN_TYPE = YES_ERROR;
				GCC_WARN_UNDECLARED_SELECTOR = YES;
				GCC_WARN_UNINITIALIZED_AUTOS = YES;
				GCC_WARN_UNUSED_FUNCTION = YES;
				GCC_WARN_UNUSED_VARIABLE = YES;
				IPHONEOS_DEPLOYMENT_TARGET = 7.0;
				SDKROOT = iphoneos;
				VALIDATE_PRODUCT = YES;
			};
			name = Release;
		};
		2736B63318BBE2B9005541AF /* Debug */ = {
			isa = XCBuildConfiguration;
			buildSettings = {
				ASSETCATALOG_COMPILER_APPICON_NAME = AppIcon;
				ASSETCATALOG_COMPILER_LAUNCHIMAGE_NAME = LaunchImage;
				GCC_PRECOMPILE_PREFIX_HEADER = YES;
				GCC_PREFIX_HEADER = "ConfigApp/ConfigApp-Prefix.pch";
				INFOPLIST_FILE = "ConfigApp/ConfigApp-Info.plist";
				PRODUCT_NAME = "$(TARGET_NAME)";
				WRAPPER_EXTENSION = app;
			};
			name = Debug;
		};
		2736B63418BBE2B9005541AF /* Release */ = {
			isa = XCBuildConfiguration;
			buildSettings = {
				ASSETCATALOG_COMPILER_APPICON_NAME = AppIcon;
				ASSETCATALOG_COMPILER_LAUNCHIMAGE_NAME = LaunchImage;
				GCC_PRECOMPILE_PREFIX_HEADER = YES;
				GCC_PREFIX_HEADER = "ConfigApp/ConfigApp-Prefix.pch";
				INFOPLIST_FILE = "ConfigApp/ConfigApp-Info.plist";
				PRODUCT_NAME = "$(TARGET_NAME)";
				WRAPPER_EXTENSION = app;
			};
			name = Release;
		};
		2736B63618BBE2B9005541AF /* Debug */ = {
			isa = XCBuildConfiguration;
			buildSettings = {
				ARCHS = "$(ARCHS_STANDARD_INCLUDING_64_BIT)";
				BUNDLE_LOADER = "$(BUILT_PRODUCTS_DIR)/ConfigApp.app/ConfigApp";
				FRAMEWORK_SEARCH_PATHS = (
					"$(SDKROOT)/Developer/Library/Frameworks",
					"$(inherited)",
					"$(DEVELOPER_FRAMEWORKS_DIR)",
				);
				GCC_PRECOMPILE_PREFIX_HEADER = YES;
				GCC_PREFIX_HEADER = "ConfigApp/ConfigApp-Prefix.pch";
				GCC_PREPROCESSOR_DEFINITIONS = (
					"DEBUG=1",
					"$(inherited)",
				);
				INFOPLIST_FILE = "ConfigAppTests/ConfigAppTests-Info.plist";
				PRODUCT_NAME = "$(TARGET_NAME)";
				TEST_HOST = "$(BUNDLE_LOADER)";
				WRAPPER_EXTENSION = xctest;
			};
			name = Debug;
		};
		2736B63718BBE2B9005541AF /* Release */ = {
			isa = XCBuildConfiguration;
			buildSettings = {
				ARCHS = "$(ARCHS_STANDARD_INCLUDING_64_BIT)";
				BUNDLE_LOADER = "$(BUILT_PRODUCTS_DIR)/ConfigApp.app/ConfigApp";
				FRAMEWORK_SEARCH_PATHS = (
					"$(SDKROOT)/Developer/Library/Frameworks",
					"$(inherited)",
					"$(DEVELOPER_FRAMEWORKS_DIR)",
				);
				GCC_PRECOMPILE_PREFIX_HEADER = YES;
				GCC_PREFIX_HEADER = "ConfigApp/ConfigApp-Prefix.pch";
				INFOPLIST_FILE = "ConfigAppTests/ConfigAppTests-Info.plist";
				PRODUCT_NAME = "$(TARGET_NAME)";
				TEST_HOST = "$(BUNDLE_LOADER)";
				WRAPPER_EXTENSION = xctest;
			};
			name = Release;
		};
		2736B63818BBE3F6005541AF /* AdHoc */ = {
			isa = XCBuildConfiguration;
			buildSettings = {
				ALWAYS_SEARCH_USER_PATHS = NO;
				ARCHS = "$(ARCHS_STANDARD_INCLUDING_64_BIT)";
				CLANG_CXX_LANGUAGE_STANDARD = "gnu++0x";
				CLANG_CXX_LIBRARY = "libc++";
				CLANG_ENABLE_MODULES = YES;
				CLANG_ENABLE_OBJC_ARC = YES;
				CLANG_WARN_BOOL_CONVERSION = YES;
				CLANG_WARN_CONSTANT_CONVERSION = YES;
				CLANG_WARN_DIRECT_OBJC_ISA_USAGE = YES_ERROR;
				CLANG_WARN_EMPTY_BODY = YES;
				CLANG_WARN_ENUM_CONVERSION = YES;
				CLANG_WARN_INT_CONVERSION = YES;
				CLANG_WARN_OBJC_ROOT_CLASS = YES_ERROR;
				CLANG_WARN__DUPLICATE_METHOD_MATCH = YES;
				"CODE_SIGN_IDENTITY[sdk=iphoneos*]" = "iPhone Developer";
				COPY_PHASE_STRIP = YES;
				ENABLE_NS_ASSERTIONS = NO;
				GCC_C_LANGUAGE_STANDARD = gnu99;
				GCC_WARN_64_TO_32_BIT_CONVERSION = YES;
				GCC_WARN_ABOUT_RETURN_TYPE = YES_ERROR;
				GCC_WARN_UNDECLARED_SELECTOR = YES;
				GCC_WARN_UNINITIALIZED_AUTOS = YES;
				GCC_WARN_UNUSED_FUNCTION = YES;
				GCC_WARN_UNUSED_VARIABLE = YES;
				IPHONEOS_DEPLOYMENT_TARGET = 7.0;
				SDKROOT = iphoneos;
				VALIDATE_PRODUCT = YES;
			};
			name = AdHoc;
		};
		2736B63918BBE3F6005541AF /* AdHoc */ = {
			isa = XCBuildConfiguration;
			buildSettings = {
				ASSETCATALOG_COMPILER_APPICON_NAME = AppIcon;
				ASSETCATALOG_COMPILER_LAUNCHIMAGE_NAME = LaunchImage;
				GCC_PRECOMPILE_PREFIX_HEADER = YES;
				GCC_PREFIX_HEADER = "ConfigApp/ConfigApp-Prefix.pch";
				INFOPLIST_FILE = "ConfigApp/ConfigApp-Info.plist";
				PRODUCT_NAME = "$(TARGET_NAME)";
				WRAPPER_EXTENSION = app;
			};
			name = AdHoc;
		};
		2736B63A18BBE3F6005541AF /* AdHoc */ = {
			isa = XCBuildConfiguration;
			buildSettings = {
				ARCHS = "$(ARCHS_STANDARD_INCLUDING_64_BIT)";
				BUNDLE_LOADER = "$(BUILT_PRODUCTS_DIR)/ConfigApp.app/ConfigApp";
				FRAMEWORK_SEARCH_PATHS = (
					"$(SDKROOT)/Developer/Library/Frameworks",
					"$(inherited)",
					"$(DEVELOPER_FRAMEWORKS_DIR)",
				);
				GCC_PRECOMPILE_PREFIX_HEADER = YES;
				GCC_PREFIX_HEADER = "ConfigApp/ConfigApp-Prefix.pch";
				INFOPLIST_FILE = "ConfigAppTests/ConfigAppTests-Info.plist";
				PRODUCT_NAME = "$(TARGET_NAME)";
				TEST_HOST = "$(BUNDLE_LOADER)";
				WRAPPER_EXTENSION = xctest;
			};
			name = AdHoc;
		};
/* End XCBuildConfiguration section */

/* Begin XCConfigurationList section */
		2736B60118BBE2B9005541AF /* Build configuration list for PBXProject "ConfigApp" */ = {
			isa = XCConfigurationList;
			buildConfigurations = (
				2736B63018BBE2B9005541AF /* Debug */,
				2736B63118BBE2B9005541AF /* Release */,
				2736B63818BBE3F6005541AF /* AdHoc */,
			);
			defaultConfigurationIsVisible = 0;
			defaultConfigurationName = Release;
		};
		2736B63218BBE2B9005541AF /* Build configuration list for PBXNativeTarget "ConfigApp" */ = {
			isa = XCConfigurationList;
			buildConfigurations = (
				2736B63318BBE2B9005541AF /* Debug */,
				2736B63418BBE2B9005541AF /* Release */,
				2736B63918BBE3F6005541AF /* AdHoc */,
			);
			defaultConfigurationIsVisible = 0;
		};
		2736B63518BBE2B9005541AF /* Build configuration list for PBXNativeTarget "ConfigAppTests" */ = {
			isa = XCConfigurationList;
			buildConfigurations = (
				2736B63618BBE2B9005541AF /* Debug */,
				2736B63718BBE2B9005541AF /* Release */,
				2736B63A18BBE3F6005541AF /* AdHoc */,
			);
			defaultConfigurationIsVisible = 0;
		};
/* End XCConfigurationList section */
	};
	rootObject = 2736B5FE18BBE2B9005541AF /* Project object */;
}
